# THIS IS AN AUTOGENERATED FILE. DO NOT EDIT THIS FILE DIRECTLY.
# yarn lockfile v1


eslint-plugin-header@^3.0.0:
  version "3.1.1"
  resolved "https://registry.yarnpkg.com/eslint-plugin-header/-/eslint-plugin-header-3.1.1.tgz#6ce512432d57675265fac47292b50d1eff11acd6"
  integrity sha512-9vlKxuJ4qf793CmeeSrZUvVClw6amtpghq3CuWcB5cUNnWHQhgcqy5eF8oVKFk1G3Y/CbchGfEaw3wiIJaNmVg==
